
Microsoft Visual Studio Solution File, Format Version 12.00
# Visual Studio Version 17
VisualStudioVersion = 17.10.34928.147
MinimumVisualStudioVersion = 10.0.40219.1
Project("{FAE04EC0-301F-11D3-BF4B-00C04F79EFBC}") = "DevPro", "DevPro\DevPro.csproj", "{6F5E230C-3D37-40AD-8B14-B7834D34105C}"
EndProject
Project("{FAE04EC0-301F-11D3-BF4B-00C04F79EFBC}") = "DevProTests", "DevProTests\DevProTests.csproj", "{7AFF1EED-9888-4AE9-9F3D-8CEAFEAE4E2E}"
EndProject
Global
	GlobalSection(SolutionConfigurationPlatforms) = preSolution
		Debug|Any CPU = Debug|Any CPU
		Release|Any CPU = Release|Any CPU
	EndGlobalSection
	GlobalSection(ProjectConfigurationPlatforms) = postSolution
		{6F5E230C-3D37-40AD-8B14-B7834D34105C}.Debug|Any CPU.ActiveCfg = Debug|Any CPU
		{6F5E230C-3D37-40AD-8B14-B7834D34105C}.Debug|Any CPU.Build.0 = Debug|Any CPU
		{6F5E230C-3D37-40AD-8B14-B7834D34105C}.Release|Any CPU.ActiveCfg = Release|Any CPU
		{6F5E230C-3D37-40AD-8B14-B7834D34105C}.Release|Any CPU.Build.0 = Release|Any CPU
		{7AFF1EED-9888-4AE9-9F3D-8CEAFEAE4E2E}.Debug|Any CPU.ActiveCfg = Debug|Any CPU
		{7AFF1EED-9888-4AE9-9F3D-8CEAFEAE4E2E}.Debug|Any CPU.Build.0 = Debug|Any CPU
		{7AFF1EED-9888-4AE9-9F3D-8CEAFEAE4E2E}.Release|Any CPU.ActiveCfg = Release|Any CPU
		{7AFF1EED-9888-4AE9-9F3D-8CEAFEAE4E2E}.Release|Any CPU.Build.0 = Release|Any CPU
	EndGlobalSection
	GlobalSection(SolutionProperties) = preSolution
		HideSolutionNode = FALSE
	EndGlobalSection
	GlobalSection(ExtensibilityGlobals) = postSolution
		SolutionGuid = {6FEB5ABA-38EF-4192-9977-02FFD4F61095}
	EndGlobalSection
EndGlobal
